
Microsoft Visual Studio Solution File, Format Version 12.00
# Visual Studio Version 16
VisualStudioVersion = 16.0.30907.101
MinimumVisualStudioVersion = 10.0.40219.1
Project("{FAE04EC0-301F-11D3-BF4B-00C04F79EFBC}") = "nodos", "nodos\nodos.csproj", "{B55400EE-CAA0-487E-B13F-2B3CF8D352DB}"
EndProject
Global
	GlobalSection(SolutionConfigurationPlatforms) = preSolution
		Debug|Any CPU = Debug|Any CPU
		Release|Any CPU = Release|Any CPU
	EndGlobalSection
	GlobalSection(ProjectConfigurationPlatforms) = postSolution
		{B55400EE-CAA0-487E-B13F-2B3CF8D352DB}.Debug|Any CPU.ActiveCfg = Debug|Any CPU
		{B55400EE-CAA0-487E-B13F-2B3CF8D352DB}.Debug|Any CPU.Build.0 = Debug|Any CPU
		{B55400EE-CAA0-487E-B13F-2B3CF8D352DB}.Release|Any CPU.ActiveCfg = Release|Any CPU
		{B55400EE-CAA0-487E-B13F-2B3CF8D352DB}.Release|Any CPU.Build.0 = Release|Any CPU
	EndGlobalSection
	GlobalSection(SolutionProperties) = preSolution
		HideSolutionNode = FALSE
	EndGlobalSection
	GlobalSection(ExtensibilityGlobals) = postSolution
		SolutionGuid = {EFE8ADE7-C751-4572-9670-A9CC4FEECB47}
	EndGlobalSection
EndGlobal
