
Microsoft Visual Studio Solution File, Format Version 12.00
# Visual Studio Version 16
VisualStudioVersion = 16.0.30907.101
MinimumVisualStudioVersion = 10.0.40219.1
Project("{FAE04EC0-301F-11D3-BF4B-00C04F79EFBC}") = "clases de herencia", "clases de herencia\clases de herencia.csproj", "{FD5C5869-C70B-4338-BF35-CD6E72E6366F}"
EndProject
Global
	GlobalSection(SolutionConfigurationPlatforms) = preSolution
		Debug|Any CPU = Debug|Any CPU
		Release|Any CPU = Release|Any CPU
	EndGlobalSection
	GlobalSection(ProjectConfigurationPlatforms) = postSolution
		{FD5C5869-C70B-4338-BF35-CD6E72E6366F}.Debug|Any CPU.ActiveCfg = Debug|Any CPU
		{FD5C5869-C70B-4338-BF35-CD6E72E6366F}.Debug|Any CPU.Build.0 = Debug|Any CPU
		{FD5C5869-C70B-4338-BF35-CD6E72E6366F}.Release|Any CPU.ActiveCfg = Release|Any CPU
		{FD5C5869-C70B-4338-BF35-CD6E72E6366F}.Release|Any CPU.Build.0 = Release|Any CPU
	EndGlobalSection
	GlobalSection(SolutionProperties) = preSolution
		HideSolutionNode = FALSE
	EndGlobalSection
	GlobalSection(ExtensibilityGlobals) = postSolution
		SolutionGuid = {35418040-6DB8-4A81-A9B4-010300DEC0D4}
	EndGlobalSection
EndGlobal
