
Microsoft Visual Studio Solution File, Format Version 12.00
# Visual Studio Version 16
VisualStudioVersion = 16.0.30907.101
MinimumVisualStudioVersion = 10.0.40219.1
Project("{FAE04EC0-301F-11D3-BF4B-00C04F79EFBC}") = "buscar mayusculas y minusculas", "buscar mayusculas y minusculas\buscar mayusculas y minusculas.csproj", "{3452A845-3449-4D95-B399-98E83FB7E923}"
EndProject
Global
	GlobalSection(SolutionConfigurationPlatforms) = preSolution
		Debug|Any CPU = Debug|Any CPU
		Release|Any CPU = Release|Any CPU
	EndGlobalSection
	GlobalSection(ProjectConfigurationPlatforms) = postSolution
		{3452A845-3449-4D95-B399-98E83FB7E923}.Debug|Any CPU.ActiveCfg = Debug|Any CPU
		{3452A845-3449-4D95-B399-98E83FB7E923}.Debug|Any CPU.Build.0 = Debug|Any CPU
		{3452A845-3449-4D95-B399-98E83FB7E923}.Release|Any CPU.ActiveCfg = Release|Any CPU
		{3452A845-3449-4D95-B399-98E83FB7E923}.Release|Any CPU.Build.0 = Release|Any CPU
	EndGlobalSection
	GlobalSection(SolutionProperties) = preSolution
		HideSolutionNode = FALSE
	EndGlobalSection
	GlobalSection(ExtensibilityGlobals) = postSolution
		SolutionGuid = {A423E065-5CC2-4E8C-9503-743FCEDA1069}
	EndGlobalSection
EndGlobal
